// !$*UTF8*$!
{
	archiveVersion = 1;
	classes = {
	};
	objectVersion = 46;
	objects = {

/* Begin PBXBuildFile section */
		3C3703171D99ED820092CAC5 /* main.m in Sources */ = {isa = PBXBuildFile; fileRef = 3C3703161D99ED820092CAC5 /* main.m */; };
		3C37031A1D99ED820092CAC5 /* AppDelegate.m in Sources */ = {isa = PBXBuildFile; fileRef = 3C3703191D99ED820092CAC5 /* AppDelegate.m */; };
		3C37031D1D99ED820092CAC5 /* ViewController.m in Sources */ = {isa = PBXBuildFile; fileRef = 3C37031C1D99ED820092CAC5 /* ViewController.m */; };
		3C3703201D99ED820092CAC5 /* Main.storyboard in Resources */ = {isa = PBXBuildFile; fileRef = 3C37031E1D99ED820092CAC5 /* Main.storyboard */; };
		3C3703221D99ED830092CAC5 /* Assets.xcassets in Resources */ = {isa = PBXBuildFile; fileRef = 3C3703211D99ED830092CAC5 /* Assets.xcassets */; };
		3C3703251D99ED830092CAC5 /* LaunchScreen.storyboard in Resources */ = {isa = PBXBuildFile; fileRef = 3C3703231D99ED830092CAC5 /* LaunchScreen.storyboard */; };
		3C3703301D99ED830092CAC5 /* SmartTransportationTests.m in Sources */ = {isa = PBXBuildFile; fileRef = 3C37032F1D99ED830092CAC5 /* SmartTransportationTests.m */; };
		3C37033B1D99ED830092CAC5 /* SmartTransportationUITests.m in Sources */ = {isa = PBXBuildFile; fileRef = 3C37033A1D99ED830092CAC5 /* SmartTransportationUITests.m */; };
		3C3703491D99ED990092CAC5 /* MapKit.framework in Frameworks */ = {isa = PBXBuildFile; fileRef = 3C3703481D99ED990092CAC5 /* MapKit.framework */; };
		3C37034B1D99EDC70092CAC5 /* CoreLocation.framework in Frameworks */ = {isa = PBXBuildFile; fileRef = 3C37034A1D99EDC70092CAC5 /* CoreLocation.framework */; };
		3C37034D1D99EDDB0092CAC5 /* UIKit.framework in Frameworks */ = {isa = PBXBuildFile; fileRef = 3C37034C1D99EDDB0092CAC5 /* UIKit.framework */; };
		3C37034F1D99EE600092CAC5 /* CoreGraphics.framework in Frameworks */ = {isa = PBXBuildFile; fileRef = 3C37034E1D99EE600092CAC5 /* CoreGraphics.framework */; };
		3C3703511D99EE710092CAC5 /* Foundation.framework in Frameworks */ = {isa = PBXBuildFile; fileRef = 3C3703501D99EE710092CAC5 /* Foundation.framework */; };
		3C47E9AC1D9B6E0400D1A003 /* InfoPlist.strings in Resources */ = {isa = PBXBuildFile; fileRef = 3C47E9AB1D9B6E0400D1A003 /* InfoPlist.strings */; };
/* End PBXBuildFile section */

/* Begin PBXContainerItemProxy section */
		3C37032C1D99ED830092CAC5 /* PBXContainerItemProxy */ = {
			isa = PBXContainerItemProxy;
			containerPortal = 3C37030A1D99ED820092CAC5 /* Project object */;
			proxyType = 1;
			remoteGlobalIDString = 3C3703111D99ED820092CAC5;
			remoteInfo = SmartTransportation;
		};
		3C3703371D99ED830092CAC5 /* PBXContainerItemProxy */ = {
			isa = PBXContainerItemProxy;
			containerPortal = 3C37030A1D99ED820092CAC5 /* Project object */;
			proxyType = 1;
			remoteGlobalIDString = 3C3703111D99ED820092CAC5;
			remoteInfo = SmartTransportation;
		};
/* End PBXContainerItemProxy section */

/* Begin PBXFileReference section */
		3C3703121D99ED820092CAC5 /* SmartTransportation.app */ = {isa = PBXFileReference; explicitFileType = wrapper.application; includeInIndex = 0; path = SmartTransportation.app; sourceTree = BUILT_PRODUCTS_DIR; };
		3C3703161D99ED820092CAC5 /* main.m */ = {isa = PBXFileReference; lastKnownFileType = sourcecode.c.objc; path = main.m; sourceTree = "<group>"; };
		3C3703181D99ED820092CAC5 /* AppDelegate.h */ = {isa = PBXFileReference; lastKnownFileType = sourcecode.c.h; path = AppDelegate.h; sourceTree = "<group>"; };
		3C3703191D99ED820092CAC5 /* AppDelegate.m */ = {isa = PBXFileReference; lastKnownFileType = sourcecode.c.objc; path = AppDelegate.m; sourceTree = "<group>"; };
		3C37031B1D99ED820092CAC5 /* ViewController.h */ = {isa = PBXFileReference; lastKnownFileType = sourcecode.c.h; path = ViewController.h; sourceTree = "<group>"; };
		3C37031C1D99ED820092CAC5 /* ViewController.m */ = {isa = PBXFileReference; lastKnownFileType = sourcecode.c.objc; path = ViewController.m; sourceTree = "<group>"; };
		3C37031F1D99ED820092CAC5 /* Base */ = {isa = PBXFileReference; lastKnownFileType = file.storyboard; name = Base; path = Base.lproj/Main.storyboard; sourceTree = "<group>"; };
		3C3703211D99ED830092CAC5 /* Assets.xcassets */ = {isa = PBXFileReference; lastKnownFileType = folder.assetcatalog; path = Assets.xcassets; sourceTree = "<group>"; };
		3C3703241D99ED830092CAC5 /* Base */ = {isa = PBXFileReference; lastKnownFileType = file.storyboard; name = Base; path = Base.lproj/LaunchScreen.storyboard; sourceTree = "<group>"; };
		3C3703261D99ED830092CAC5 /* Info.plist */ = {isa = PBXFileReference; lastKnownFileType = text.plist.xml; path = Info.plist; sourceTree = "<group>"; };
		3C37032B1D99ED830092CAC5 /* SmartTransportationTests.xctest */ = {isa = PBXFileReference; explicitFileType = wrapper.cfbundle; includeInIndex = 0; path = SmartTransportationTests.xctest; sourceTree = BUILT_PRODUCTS_DIR; };
		3C37032F1D99ED830092CAC5 /* SmartTransportationTests.m */ = {isa = PBXFileReference; lastKnownFileType = sourcecode.c.objc; path = SmartTransportationTests.m; sourceTree = "<group>"; };
		3C3703311D99ED830092CAC5 /* Info.plist */ = {isa = PBXFileReference; lastKnownFileType = text.plist.xml; path = Info.plist; sourceTree = "<group>"; };
		3C3703361D99ED830092CAC5 /* SmartTransportationUITests.xctest */ = {isa = PBXFileReference; explicitFileType = wrapper.cfbundle; includeInIndex = 0; path = SmartTransportationUITests.xctest; sourceTree = BUILT_PRODUCTS_DIR; };
		3C37033A1D99ED830092CAC5 /* SmartTransportationUITests.m */ = {isa = PBXFileReference; lastKnownFileType = sourcecode.c.objc; path = SmartTransportationUITests.m; sourceTree = "<group>"; };
		3C37033C1D99ED830092CAC5 /* Info.plist */ = {isa = PBXFileReference; lastKnownFileType = text.plist.xml; path = Info.plist; sourceTree = "<group>"; };
		3C3703481D99ED990092CAC5 /* MapKit.framework */ = {isa = PBXFileReference; lastKnownFileType = wrapper.framework; name = MapKit.framework; path = System/Library/Frameworks/MapKit.framework; sourceTree = SDKROOT; };
		3C37034A1D99EDC70092CAC5 /* CoreLocation.framework */ = {isa = PBXFileReference; lastKnownFileType = wrapper.framework; name = CoreLocation.framework; path = System/Library/Frameworks/CoreLocation.framework; sourceTree = SDKROOT; };
		3C37034C1D99EDDB0092CAC5 /* UIKit.framework */ = {isa = PBXFileReference; lastKnownFileType = wrapper.framework; name = UIKit.framework; path = System/Library/Frameworks/UIKit.framework; sourceTree = SDKROOT; };
		3C37034E1D99EE600092CAC5 /* CoreGraphics.framework */ = {isa = PBXFileReference; lastKnownFileType = wrapper.framework; name = CoreGraphics.framework; path = System/Library/Frameworks/CoreGraphics.framework; sourceTree = SDKROOT; };
		3C3703501D99EE710092CAC5 /* Foundation.framework */ = {isa = PBXFileReference; lastKnownFileType = wrapper.framework; name = Foundation.framework; path = System/Library/Frameworks/Foundation.framework; sourceTree = SDKROOT; };
		3C47E9AB1D9B6E0400D1A003 /* InfoPlist.strings */ = {isa = PBXFileReference; fileEncoding = 4; lastKnownFileType = text.plist.strings; path = InfoPlist.strings; sourceTree = "<group>"; };
		3C47E9AD1D9B6E4900D1A003 /* MKDirections-Prefix.pch */ = {isa = PBXFileReference; lastKnownFileType = sourcecode.c.h; path = "MKDirections-Prefix.pch"; sourceTree = "<group>"; };
/* End PBXFileReference section */

/* Begin PBXFrameworksBuildPhase section */
		3C37030F1D99ED820092CAC5 /* Frameworks */ = {
			isa = PBXFrameworksBuildPhase;
			buildActionMask = 2147483647;
			files = (
				3C3703511D99EE710092CAC5 /* Foundation.framework in Frameworks */,
				3C37034F1D99EE600092CAC5 /* CoreGraphics.framework in Frameworks */,
				3C37034D1D99EDDB0092CAC5 /* UIKit.framework in Frameworks */,
				3C37034B1D99EDC70092CAC5 /* CoreLocation.framework in Frameworks */,
				3C3703491D99ED990092CAC5 /* MapKit.framework in Frameworks */,
			);
			runOnlyForDeploymentPostprocessing = 0;
		};
		3C3703281D99ED830092CAC5 /* Frameworks */ = {
			isa = PBXFrameworksBuildPhase;
			buildActionMask = 2147483647;
			files = (
			);
			runOnlyForDeploymentPostprocessing = 0;
		};
		3C3703331D99ED830092CAC5 /* Frameworks */ = {
			isa = PBXFrameworksBuildPhase;
			buildActionMask = 2147483647;
			files = (
			);
			runOnlyForDeploymentPostprocessing = 0;
		};
/* End PBXFrameworksBuildPhase section */

/* Begin PBXGroup section */
		3C3703091D99ED820092CAC5 = {
			isa = PBXGroup;
			children = (
				3C3703501D99EE710092CAC5 /* Foundation.framework */,
				3C37034E1D99EE600092CAC5 /* CoreGraphics.framework */,
				3C37034C1D99EDDB0092CAC5 /* UIKit.framework */,
				3C37034A1D99EDC70092CAC5 /* CoreLocation.framework */,
				3C3703481D99ED990092CAC5 /* MapKit.framework */,
				3C3703141D99ED820092CAC5 /* SmartTransportation */,
				3C37032E1D99ED830092CAC5 /* SmartTransportationTests */,
				3C3703391D99ED830092CAC5 /* SmartTransportationUITests */,
				3C3703131D99ED820092CAC5 /* Products */,
			);
			sourceTree = "<group>";
		};
		3C3703131D99ED820092CAC5 /* Products */ = {
			isa = PBXGroup;
			children = (
				3C3703121D99ED820092CAC5 /* SmartTransportation.app */,
				3C37032B1D99ED830092CAC5 /* SmartTransportationTests.xctest */,
				3C3703361D99ED830092CAC5 /* SmartTransportationUITests.xctest */,
			);
			name = Products;
			sourceTree = "<group>";
		};
		3C3703141D99ED820092CAC5 /* SmartTransportation */ = {
			isa = PBXGroup;
			children = (
				3C3703181D99ED820092CAC5 /* AppDelegate.h */,
				3C3703191D99ED820092CAC5 /* AppDelegate.m */,
				3C37031B1D99ED820092CAC5 /* ViewController.h */,
				3C37031C1D99ED820092CAC5 /* ViewController.m */,
				3C37031E1D99ED820092CAC5 /* Main.storyboard */,
				3C3703211D99ED830092CAC5 /* Assets.xcassets */,
				3C3703231D99ED830092CAC5 /* LaunchScreen.storyboard */,
				3C3703151D99ED820092CAC5 /* Supporting Files */,
			);
			path = SmartTransportation;
			sourceTree = "<group>";
		};
		3C3703151D99ED820092CAC5 /* Supporting Files */ = {
			isa = PBXGroup;
			children = (
				3C3703261D99ED830092CAC5 /* Info.plist */,
				3C47E9AB1D9B6E0400D1A003 /* InfoPlist.strings */,
				3C3703161D99ED820092CAC5 /* main.m */,
				3C47E9AD1D9B6E4900D1A003 /* MKDirections-Prefix.pch */,
			);
			name = "Supporting Files";
			sourceTree = "<group>";
		};
		3C37032E1D99ED830092CAC5 /* SmartTransportationTests */ = {
			isa = PBXGroup;
			children = (
				3C37032F1D99ED830092CAC5 /* SmartTransportationTests.m */,
				3C3703311D99ED830092CAC5 /* Info.plist */,
			);
			path = SmartTransportationTests;
			sourceTree = "<group>";
		};
		3C3703391D99ED830092CAC5 /* SmartTransportationUITests */ = {
			isa = PBXGroup;
			children = (
				3C37033A1D99ED830092CAC5 /* SmartTransportationUITests.m */,
				3C37033C1D99ED830092CAC5 /* Info.plist */,
			);
			path = SmartTransportationUITests;
			sourceTree = "<group>";
		};
/* End PBXGroup section */

/* Begin PBXNativeTarget section */
		3C3703111D99ED820092CAC5 /* SmartTransportation */ = {
			isa = PBXNativeTarget;
			buildConfigurationList = 3C37033F1D99ED830092CAC5 /* Build configuration list for PBXNativeTarget "SmartTransportation" */;
			buildPhases = (
				3C37030E1D99ED820092CAC5 /* Sources */,
				3C37030F1D99ED820092CAC5 /* Frameworks */,
				3C3703101D99ED820092CAC5 /* Resources */,
			);
			buildRules = (
			);
			dependencies = (
			);
			name = SmartTransportation;
			productName = SmartTransportation;
			productReference = 3C3703121D99ED820092CAC5 /* SmartTransportation.app */;
			productType = "com.apple.product-type.application";
		};
		3C37032A1D99ED830092CAC5 /* SmartTransportationTests */ = {
			isa = PBXNativeTarget;
			buildConfigurationList = 3C3703421D99ED830092CAC5 /* Build configuration list for PBXNativeTarget "SmartTransportationTests" */;
			buildPhases = (
				3C3703271D99ED830092CAC5 /* Sources */,
				3C3703281D99ED830092CAC5 /* Frameworks */,
				3C3703291D99ED830092CAC5 /* Resources */,
			);
			buildRules = (
			);
			dependencies = (
				3C37032D1D99ED830092CAC5 /* PBXTargetDependency */,
			);
			name = SmartTransportationTests;
			productName = SmartTransportationTests;
			productReference = 3C37032B1D99ED830092CAC5 /* SmartTransportationTests.xctest */;
			productType = "com.apple.product-type.bundle.unit-test";
		};
		3C3703351D99ED830092CAC5 /* SmartTransportationUITests */ = {
			isa = PBXNativeTarget;
			buildConfigurationList = 3C3703451D99ED830092CAC5 /* Build configuration list for PBXNativeTarget "SmartTransportationUITests" */;
			buildPhases = (
				3C3703321D99ED830092CAC5 /* Sources */,
				3C3703331D99ED830092CAC5 /* Frameworks */,
				3C3703341D99ED830092CAC5 /* Resources */,
			);
			buildRules = (
			);
			dependencies = (
				3C3703381D99ED830092CAC5 /* PBXTargetDependency */,
			);
			name = SmartTransportationUITests;
			productName = SmartTransportationUITests;
			productReference = 3C3703361D99ED830092CAC5 /* SmartTransportationUITests.xctest */;
			productType = "com.apple.product-type.bundle.ui-testing";
		};
/* End PBXNativeTarget section */

/* Begin PBXProject section */
		3C37030A1D99ED820092CAC5 /* Project object */ = {
			isa = PBXProject;
			attributes = {
				LastUpgradeCheck = 0730;
				ORGANIZATIONNAME = Amol;
				TargetAttributes = {
					3C3703111D99ED820092CAC5 = {
						CreatedOnToolsVersion = 7.3.1;
					};
					3C37032A1D99ED830092CAC5 = {
						CreatedOnToolsVersion = 7.3.1;
						TestTargetID = 3C3703111D99ED820092CAC5;
					};
					3C3703351D99ED830092CAC5 = {
						CreatedOnToolsVersion = 7.3.1;
						TestTargetID = 3C3703111D99ED820092CAC5;
					};
				};
			};
			buildConfigurationList = 3C37030D1D99ED820092CAC5 /* Build configuration list for PBXProject "SmartTransportation" */;
			compatibilityVersion = "Xcode 3.2";
			developmentRegion = English;
			hasScannedForEncodings = 0;
			knownRegions = (
				en,
				Base,
			);
			mainGroup = 3C3703091D99ED820092CAC5;
			productRefGroup = 3C3703131D99ED820092CAC5 /* Products */;
			projectDirPath = "";
			projectRoot = "";
			targets = (
				3C3703111D99ED820092CAC5 /* SmartTransportation */,
				3C37032A1D99ED830092CAC5 /* SmartTransportationTests */,
				3C3703351D99ED830092CAC5 /* SmartTransportationUITests */,
			);
		};
/* End PBXProject section */

/* Begin PBXResourcesBuildPhase section */
		3C3703101D99ED820092CAC5 /* Resources */ = {
			isa = PBXResourcesBuildPhase;
			buildActionMask = 2147483647;
			files = (
				3C3703251D99ED830092CAC5 /* LaunchScreen.storyboard in Resources */,
				3C47E9AC1D9B6E0400D1A003 /* InfoPlist.strings in Resources */,
				3C3703221D99ED830092CAC5 /* Assets.xcassets in Resources */,
				3C3703201D99ED820092CAC5 /* Main.storyboard in Resources */,
			);
			runOnlyForDeploymentPostprocessing = 0;
		};
		3C3703291D99ED830092CAC5 /* Resources */ = {
			isa = PBXResourcesBuildPhase;
			buildActionMask = 2147483647;
			files = (
			);
			runOnlyForDeploymentPostprocessing = 0;
		};
		3C3703341D99ED830092CAC5 /* Resources */ = {
			isa = PBXResourcesBuildPhase;
			buildActionMask = 2147483647;
			files = (
			);
			runOnlyForDeploymentPostprocessing = 0;
		};
/* End PBXResourcesBuildPhase section */

/* Begin PBXSourcesBuildPhase section */
		3C37030E1D99ED820092CAC5 /* Sources */ = {
			isa = PBXSourcesBuildPhase;
			buildActionMask = 2147483647;
			files = (
				3C37031D1D99ED820092CAC5 /* ViewController.m in Sources */,
				3C37031A1D99ED820092CAC5 /* AppDelegate.m in Sources */,
				3C3703171D99ED820092CAC5 /* main.m in Sources */,
			);
			runOnlyForDeploymentPostprocessing = 0;
		};
		3C3703271D99ED830092CAC5 /* Sources */ = {
			isa = PBXSourcesBuildPhase;
			buildActionMask = 2147483647;
			files = (
				3C3703301D99ED830092CAC5 /* SmartTransportationTests.m in Sources */,
			);
			runOnlyForDeploymentPostprocessing = 0;
		};
		3C3703321D99ED830092CAC5 /* Sources */ = {
			isa = PBXSourcesBuildPhase;
			buildActionMask = 2147483647;
			files = (
				3C37033B1D99ED830092CAC5 /* SmartTransportationUITests.m in Sources */,
			);
			runOnlyForDeploymentPostprocessing = 0;
		};
/* End PBXSourcesBuildPhase section */

/* Begin PBXTargetDependency section */
		3C37032D1D99ED830092CAC5 /* PBXTargetDependency */ = {
			isa = PBXTargetDependency;
			target = 3C3703111D99ED820092CAC5 /* SmartTransportation */;
			targetProxy = 3C37032C1D99ED830092CAC5 /* PBXContainerItemProxy */;
		};
		3C3703381D99ED830092CAC5 /* PBXTargetDependency */ = {
			isa = PBXTargetDependency;
			target = 3C3703111D99ED820092CAC5 /* SmartTransportation */;
			targetProxy = 3C3703371D99ED830092CAC5 /* PBXContainerItemProxy */;
		};
/* End PBXTargetDependency section */

/* Begin PBXVariantGroup section */
		3C37031E1D99ED820092CAC5 /* Main.storyboard */ = {
			isa = PBXVariantGroup;
			children = (
				3C37031F1D99ED820092CAC5 /* Base */,
			);
			name = Main.storyboard;
			sourceTree = "<group>";
		};
		3C3703231D99ED830092CAC5 /* LaunchScreen.storyboard */ = {
			isa = PBXVariantGroup;
			children = (
				3C3703241D99ED830092CAC5 /* Base */,
			);
			name = LaunchScreen.storyboard;
			sourceTree = "<group>";
		};
/* End PBXVariantGroup section */

/* Begin XCBuildConfiguration section */
		3C37033D1D99ED830092CAC5 /* Debug */ = {
			isa = XCBuildConfiguration;
			buildSettings = {
				ALWAYS_SEARCH_USER_PATHS = NO;
				CLANG_ANALYZER_NONNULL = YES;
				CLANG_CXX_LANGUAGE_STANDARD = "gnu++0x";
				CLANG_CXX_LIBRARY = "libc++";
				CLANG_ENABLE_MODULES = YES;
				CLANG_ENABLE_OBJC_ARC = YES;
				CLANG_WARN_BOOL_CONVERSION = YES;
				CLANG_WARN_CONSTANT_CONVERSION = YES;
				CLANG_WARN_DIRECT_OBJC_ISA_USAGE = YES_ERROR;
				CLANG_WARN_EMPTY_BODY = YES;
				CLANG_WARN_ENUM_CONVERSION = YES;
				CLANG_WARN_INT_CONVERSION = YES;
				CLANG_WARN_OBJC_ROOT_CLASS = YES_ERROR;
				CLANG_WARN_UNREACHABLE_CODE = YES;
				CLANG_WARN__DUPLICATE_METHOD_MATCH = YES;
				"CODE_SIGN_IDENTITY[sdk=iphoneos*]" = "iPhone Developer";
				COPY_PHASE_STRIP = NO;
				DEBUG_INFORMATION_FORMAT = dwarf;
				ENABLE_STRICT_OBJC_MSGSEND = YES;
				ENABLE_TESTABILITY = YES;
				GCC_C_LANGUAGE_STANDARD = gnu99;
				GCC_DYNAMIC_NO_PIC = NO;
				GCC_NO_COMMON_BLOCKS = YES;
				GCC_OPTIMIZATION_LEVEL = 0;
				GCC_PREPROCESSOR_DEFINITIONS = (
					"DEBUG=1",
					"$(inherited)",
				);
				GCC_WARN_64_TO_32_BIT_CONVERSION = YES;
				GCC_WARN_ABOUT_RETURN_TYPE = YES_ERROR;
				GCC_WARN_UNDECLARED_SELECTOR = YES;
				GCC_WARN_UNINITIALIZED_AUTOS = YES_AGGRESSIVE;
				GCC_WARN_UNUSED_FUNCTION = YES;
				GCC_WARN_UNUSED_VARIABLE = YES;
				IPHONEOS_DEPLOYMENT_TARGET = 9.3;
				MTL_ENABLE_DEBUG_INFO = YES;
				ONLY_ACTIVE_ARCH = YES;
				SDKROOT = iphoneos;
			};
			name = Debug;
		};
		3C37033E1D99ED830092CAC5 /* Release */ = {
			isa = XCBuildConfiguration;
			buildSettings = {
				ALWAYS_SEARCH_USER_PATHS = NO;
				CLANG_ANALYZER_NONNULL = YES;
				CLANG_CXX_LANGUAGE_STANDARD = "gnu++0x";
				CLANG_CXX_LIBRARY = "libc++";
				CLANG_ENABLE_MODULES = YES;
				CLANG_ENABLE_OBJC_ARC = YES;
				CLANG_WARN_BOOL_CONVERSION = YES;
				CLANG_WARN_CONSTANT_CONVERSION = YES;
				CLANG_WARN_DIRECT_OBJC_ISA_USAGE = YES_ERROR;
				CLANG_WARN_EMPTY_BODY = YES;
				CLANG_WARN_ENUM_CONVERSION = YES;
				CLANG_WARN_INT_CONVERSION = YES;
				CLANG_WARN_OBJC_ROOT_CLASS = YES_ERROR;
				CLANG_WARN_UNREACHABLE_CODE = YES;
				CLANG_WARN__DUPLICATE_METHOD_MATCH = YES;
				"CODE_SIGN_IDENTITY[sdk=iphoneos*]" = "iPhone Developer";
				COPY_PHASE_STRIP = NO;
				DEBUG_INFORMATION_FORMAT = "dwarf-with-dsym";
				ENABLE_NS_ASSERTIONS = NO;
				ENABLE_STRICT_OBJC_MSGSEND = YES;
				GCC_C_LANGUAGE_STANDARD = gnu99;
				GCC_NO_COMMON_BLOCKS = YES;
				GCC_WARN_64_TO_32_BIT_CONVERSION = YES;
				GCC_WARN_ABOUT_RETURN_TYPE = YES_ERROR;
				GCC_WARN_UNDECLARED_SELECTOR = YES;
				GCC_WARN_UNINITIALIZED_AUTOS = YES_AGGRESSIVE;
				GCC_WARN_UNUSED_FUNCTION = YES;
				GCC_WARN_UNUSED_VARIABLE = YES;
				IPHONEOS_DEPLOYMENT_TARGET = 9.3;
				MTL_ENABLE_DEBUG_INFO = NO;
				SDKROOT = iphoneos;
				VALIDATE_PRODUCT = YES;
			};
			name = Release;
		};
		3C3703401D99ED830092CAC5 /* Debug */ = {
			isa = XCBuildConfiguration;
			buildSettings = {
				ASSETCATALOG_COMPILER_APPICON_NAME = AppIcon;
				INFOPLIST_FILE = SmartTransportation/Info.plist;
				LD_RUNPATH_SEARCH_PATHS = "$(inherited) @executable_path/Frameworks";
				PRODUCT_BUNDLE_IDENTIFIER = amols.SmartTransportation;
				PRODUCT_NAME = "$(TARGET_NAME)";
			};
			name = Debug;
		};
		3C3703411D99ED830092CAC5 /* Release */ = {
			isa = XCBuildConfiguration;
			buildSettings = {
				ASSETCATALOG_COMPILER_APPICON_NAME = AppIcon;
				INFOPLIST_FILE = SmartTransportation/Info.plist;
				LD_RUNPATH_SEARCH_PATHS = "$(inherited) @executable_path/Frameworks";
				PRODUCT_BUNDLE_IDENTIFIER = amols.SmartTransportation;
				PRODUCT_NAME = "$(TARGET_NAME)";
			};
			name = Release;
		};
		3C3703431D99ED830092CAC5 /* Debug */ = {
			isa = XCBuildConfiguration;
			buildSettings = {
				BUNDLE_LOADER = "$(TEST_HOST)";
				INFOPLIST_FILE = SmartTransportationTests/Info.plist;
				LD_RUNPATH_SEARCH_PATHS = "$(inherited) @executable_path/Frameworks @loader_path/Frameworks";
				PRODUCT_BUNDLE_IDENTIFIER = amols.SmartTransportationTests;
				PRODUCT_NAME = "$(TARGET_NAME)";
				TEST_HOST = "$(BUILT_PRODUCTS_DIR)/SmartTransportation.app/SmartTransportation";
			};
			name = Debug;
		};
		3C3703441D99ED830092CAC5 /* Release */ = {
			isa = XCBuildConfiguration;
			buildSettings = {
				BUNDLE_LOADER = "$(TEST_HOST)";
				INFOPLIST_FILE = SmartTransportationTests/Info.plist;
				LD_RUNPATH_SEARCH_PATHS = "$(inherited) @executable_path/Frameworks @loader_path/Frameworks";
				PRODUCT_BUNDLE_IDENTIFIER = amols.SmartTransportationTests;
				PRODUCT_NAME = "$(TARGET_NAME)";
				TEST_HOST = "$(BUILT_PRODUCTS_DIR)/SmartTransportation.app/SmartTransportation";
			};
			name = Release;
		};
		3C3703461D99ED830092CAC5 /* Debug */ = {
			isa = XCBuildConfiguration;
			buildSettings = {
				INFOPLIST_FILE = SmartTransportationUITests/Info.plist;
				LD_RUNPATH_SEARCH_PATHS = "$(inherited) @executable_path/Frameworks @loader_path/Frameworks";
				PRODUCT_BUNDLE_IDENTIFIER = amols.SmartTransportationUITests;
				PRODUCT_NAME = "$(TARGET_NAME)";
				TEST_TARGET_NAME = SmartTransportation;
			};
			name = Debug;
		};
		3C3703471D99ED830092CAC5 /* Release */ = {
			isa = XCBuildConfiguration;
			buildSettings = {
				INFOPLIST_FILE = SmartTransportationUITests/Info.plist;
				LD_RUNPATH_SEARCH_PATHS = "$(inherited) @executable_path/Frameworks @loader_path/Frameworks";
				PRODUCT_BUNDLE_IDENTIFIER = amols.SmartTransportationUITests;
				PRODUCT_NAME = "$(TARGET_NAME)";
				TEST_TARGET_NAME = SmartTransportation;
			};
			name = Release;
		};
/* End XCBuildConfiguration section */

/* Begin XCConfigurationList section */
		3C37030D1D99ED820092CAC5 /* Build configuration list for PBXProject "SmartTransportation" */ = {
			isa = XCConfigurationList;
			buildConfigurations = (
				3C37033D1D99ED830092CAC5 /* Debug */,
				3C37033E1D99ED830092CAC5 /* Release */,
			);
			defaultConfigurationIsVisible = 0;
			defaultConfigurationName = Release;
		};
		3C37033F1D99ED830092CAC5 /* Build configuration list for PBXNativeTarget "SmartTransportation" */ = {
			isa = XCConfigurationList;
			buildConfigurations = (
				3C3703401D99ED830092CAC5 /* Debug */,
				3C3703411D99ED830092CAC5 /* Release */,
			);
			defaultConfigurationIsVisible = 0;
			defaultConfigurationName = Release;
		};
		3C3703421D99ED830092CAC5 /* Build configuration list for PBXNativeTarget "SmartTransportationTests" */ = {
			isa = XCConfigurationList;
			buildConfigurations = (
				3C3703431D99ED830092CAC5 /* Debug */,
				3C3703441D99ED830092CAC5 /* Release */,
			);
			defaultConfigurationIsVisible = 0;
			defaultConfigurationName = Release;
		};
		3C3703451D99ED830092CAC5 /* Build configuration list for PBXNativeTarget "SmartTransportationUITests" */ = {
			isa = XCConfigurationList;
			buildConfigurations = (
				3C3703461D99ED830092CAC5 /* Debug */,
				3C3703471D99ED830092CAC5 /* Release */,
			);
			defaultConfigurationIsVisible = 0;
			defaultConfigurationName = Release;
		};
/* End XCConfigurationList section */
	};
	rootObject = 3C37030A1D99ED820092CAC5 /* Project object */;
}
